{
  "name": "Noor",
  "version": "1.0.0",
  "lockfileVersion": 3,
  "requires": true,
  "packages": {
    "": {
      "name": "Noor",
      "version": "1.0.0",
      "dependencies": {
        "jprot": "^0.9.0"
      },
      "engines": {
        "node": ">=18"
      }
    },
    "node_modules/jprot": {
      "version": "0.9.0",
      "resolved": "https://registry.npmjs.org/jprot/-/jprot-0.9.0.tgz",
      "integrity": "sha512-XfYxVa3Ajxek/LbcGg3qbhGZWWl++2gq7QYgRref/ny8PWJs6MWwOCrTbeX8kr36MdtqTrVcFgoMHOSZMzjfGw==",
      "license": "MIT",
      "bin": {
        "jprot": "core/cli.js"
      },
      "engines": {
        "node": ">=18"
      }
    }
  }
}
